
Microsoft Visual Studio Solution File, Format Version 12.00
# Visual Studio 15
VisualStudioVersion = 15.0.28307.852
MinimumVisualStudioVersion = 10.0.40219.1
Project("{D2ABAB84-BF74-430A-B69E-9DC6D40DDA17}") = "Mumsnet_BI_POC_v2", "Mumsnet_BI_POC_v2\Mumsnet_BI_POC_v2.dwproj", "{44A2C62F-F069-41D8-BDBE-9616771359D4}"
EndProject
Global
	GlobalSection(SolutionConfigurationPlatforms) = preSolution
		Development|Default = Development|Default
	EndGlobalSection
	GlobalSection(ProjectConfigurationPlatforms) = postSolution
		{44A2C62F-F069-41D8-BDBE-9616771359D4}.Development|Default.ActiveCfg = Development
		{44A2C62F-F069-41D8-BDBE-9616771359D4}.Development|Default.Build.0 = Development
		{44A2C62F-F069-41D8-BDBE-9616771359D4}.Development|Default.Deploy.0 = Development
	EndGlobalSection
	GlobalSection(SolutionProperties) = preSolution
		HideSolutionNode = FALSE
	EndGlobalSection
	GlobalSection(ExtensibilityGlobals) = postSolution
		SolutionGuid = {ACAB7A31-4BFB-45C7-9713-9ED4064D05AC}
	EndGlobalSection
EndGlobal
